// !$*UTF8*$!
{
	archiveVersion = 1;
	classes = {
	};
	objectVersion = 50;
	objects = {

/* Begin PBXBuildFile section */
		1F58D56B2337F1B700B2CF87 /* calcModel.swift in Sources */ = {isa = PBXBuildFile; fileRef = 1F58D56A2337F1B700B2CF87 /* calcModel.swift */; };
		1FA656702333E193007A10A8 /* AppDelegate.swift in Sources */ = {isa = PBXBuildFile; fileRef = 1FA6566F2333E193007A10A8 /* AppDelegate.swift */; };
		1FA656722333E193007A10A8 /* ViewController.swift in Sources */ = {isa = PBXBuildFile; fileRef = 1FA656712333E193007A10A8 /* ViewController.swift */; };
		1FA656752333E193007A10A8 /* Main.storyboard in Resources */ = {isa = PBXBuildFile; fileRef = 1FA656732333E193007A10A8 /* Main.storyboard */; };
		1FA656772333E194007A10A8 /* Assets.xcassets in Resources */ = {isa = PBXBuildFile; fileRef = 1FA656762333E194007A10A8 /* Assets.xcassets */; };
		1FA6567A2333E194007A10A8 /* LaunchScreen.storyboard in Resources */ = {isa = PBXBuildFile; fileRef = 1FA656782333E194007A10A8 /* LaunchScreen.storyboard */; };
		1FA656822333FDF8007A10A8 /* UIView+Extension.swift in Sources */ = {isa = PBXBuildFile; fileRef = 1FA656812333FDF8007A10A8 /* UIView+Extension.swift */; };
		1FA6568423340252007A10A8 /* myColors.swift in Sources */ = {isa = PBXBuildFile; fileRef = 1FA6568323340252007A10A8 /* myColors.swift */; };
/* End PBXBuildFile section */

/* Begin PBXFileReference section */
		1F58D56A2337F1B700B2CF87 /* calcModel.swift */ = {isa = PBXFileReference; lastKnownFileType = sourcecode.swift; path = calcModel.swift; sourceTree = "<group>"; };
		1FA6566C2333E193007A10A8 /* calculatorApp.app */ = {isa = PBXFileReference; explicitFileType = wrapper.application; includeInIndex = 0; path = calculatorApp.app; sourceTree = BUILT_PRODUCTS_DIR; };
		1FA6566F2333E193007A10A8 /* AppDelegate.swift */ = {isa = PBXFileReference; lastKnownFileType = sourcecode.swift; path = AppDelegate.swift; sourceTree = "<group>"; };
		1FA656712333E193007A10A8 /* ViewController.swift */ = {isa = PBXFileReference; lastKnownFileType = sourcecode.swift; path = ViewController.swift; sourceTree = "<group>"; };
		1FA656742333E193007A10A8 /* Base */ = {isa = PBXFileReference; lastKnownFileType = file.storyboard; name = Base; path = Base.lproj/Main.storyboard; sourceTree = "<group>"; };
		1FA656762333E194007A10A8 /* Assets.xcassets */ = {isa = PBXFileReference; lastKnownFileType = folder.assetcatalog; path = Assets.xcassets; sourceTree = "<group>"; };
		1FA656792333E194007A10A8 /* Base */ = {isa = PBXFileReference; lastKnownFileType = file.storyboard; name = Base; path = Base.lproj/LaunchScreen.storyboard; sourceTree = "<group>"; };
		1FA6567B2333E194007A10A8 /* Info.plist */ = {isa = PBXFileReference; lastKnownFileType = text.plist.xml; path = Info.plist; sourceTree = "<group>"; };
		1FA656812333FDF8007A10A8 /* UIView+Extension.swift */ = {isa = PBXFileReference; lastKnownFileType = sourcecode.swift; path = "UIView+Extension.swift"; sourceTree = "<group>"; };
		1FA6568323340252007A10A8 /* myColors.swift */ = {isa = PBXFileReference; lastKnownFileType = sourcecode.swift; path = myColors.swift; sourceTree = "<group>"; };
/* End PBXFileReference section */

/* Begin PBXFrameworksBuildPhase section */
		1FA656692333E193007A10A8 /* Frameworks */ = {
			isa = PBXFrameworksBuildPhase;
			buildActionMask = 2147483647;
			files = (
			);
			runOnlyForDeploymentPostprocessing = 0;
		};
/* End PBXFrameworksBuildPhase section */

/* Begin PBXGroup section */
		1FA656632333E193007A10A8 = {
			isa = PBXGroup;
			children = (
				1FA6566E2333E193007A10A8 /* calculatorApp */,
				1FA6566D2333E193007A10A8 /* Products */,
			);
			sourceTree = "<group>";
		};
		1FA6566D2333E193007A10A8 /* Products */ = {
			isa = PBXGroup;
			children = (
				1FA6566C2333E193007A10A8 /* calculatorApp.app */,
			);
			name = Products;
			sourceTree = "<group>";
		};
		1FA6566E2333E193007A10A8 /* calculatorApp */ = {
			isa = PBXGroup;
			children = (
				1FA6566F2333E193007A10A8 /* AppDelegate.swift */,
				1FA656712333E193007A10A8 /* ViewController.swift */,
				1F58D56A2337F1B700B2CF87 /* calcModel.swift */,
				1FA656732333E193007A10A8 /* Main.storyboard */,
				1FA656762333E194007A10A8 /* Assets.xcassets */,
				1FA656782333E194007A10A8 /* LaunchScreen.storyboard */,
				1FA6567B2333E194007A10A8 /* Info.plist */,
				1FA656812333FDF8007A10A8 /* UIView+Extension.swift */,
				1FA6568323340252007A10A8 /* myColors.swift */,
			);
			path = calculatorApp;
			sourceTree = "<group>";
		};
/* End PBXGroup section */

/* Begin PBXNativeTarget section */
		1FA6566B2333E193007A10A8 /* calculatorApp */ = {
			isa = PBXNativeTarget;
			buildConfigurationList = 1FA6567E2333E194007A10A8 /* Build configuration list for PBXNativeTarget "calculatorApp" */;
			buildPhases = (
				1FA656682333E193007A10A8 /* Sources */,
				1FA656692333E193007A10A8 /* Frameworks */,
				1FA6566A2333E193007A10A8 /* Resources */,
			);
			buildRules = (
			);
			dependencies = (
			);
			name = calculatorApp;
			productName = calculatorApp;
			productReference = 1FA6566C2333E193007A10A8 /* calculatorApp.app */;
			productType = "com.apple.product-type.application";
		};
/* End PBXNativeTarget section */

/* Begin PBXProject section */
		1FA656642333E193007A10A8 /* Project object */ = {
			isa = PBXProject;
			attributes = {
				LastSwiftUpdateCheck = 1030;
				LastUpgradeCheck = 1030;
				ORGANIZATIONNAME = Nurbek;
				TargetAttributes = {
					1FA6566B2333E193007A10A8 = {
						CreatedOnToolsVersion = 10.3;
					};
				};
			};
			buildConfigurationList = 1FA656672333E193007A10A8 /* Build configuration list for PBXProject "calculatorApp" */;
			compatibilityVersion = "Xcode 9.3";
			developmentRegion = en;
			hasScannedForEncodings = 0;
			knownRegions = (
				en,
				Base,
			);
			mainGroup = 1FA656632333E193007A10A8;
			productRefGroup = 1FA6566D2333E193007A10A8 /* Products */;
			projectDirPath = "";
			projectRoot = "";
			targets = (
				1FA6566B2333E193007A10A8 /* calculatorApp */,
			);
		};
/* End PBXProject section */

/* Begin PBXResourcesBuildPhase section */
		1FA6566A2333E193007A10A8 /* Resources */ = {
			isa = PBXResourcesBuildPhase;
			buildActionMask = 2147483647;
			files = (
				1FA6567A2333E194007A10A8 /* LaunchScreen.storyboard in Resources */,
				1FA656772333E194007A10A8 /* Assets.xcassets in Resources */,
				1FA656752333E193007A10A8 /* Main.storyboard in Resources */,
			);
			runOnlyForDeploymentPostprocessing = 0;
		};
/* End PBXResourcesBuildPhase section */

/* Begin PBXSourcesBuildPhase section */
		1FA656682333E193007A10A8 /* Sources */ = {
			isa = PBXSourcesBuildPhase;
			buildActionMask = 2147483647;
			files = (
				1FA656822333FDF8007A10A8 /* UIView+Extension.swift in Sources */,
				1FA6568423340252007A10A8 /* myColors.swift in Sources */,
				1F58D56B2337F1B700B2CF87 /* calcModel.swift in Sources */,
				1FA656722333E193007A10A8 /* ViewController.swift in Sources */,
				1FA656702333E193007A10A8 /* AppDelegate.swift in Sources */,
			);
			runOnlyForDeploymentPostprocessing = 0;
		};
/* End PBXSourcesBuildPhase section */

/* Begin PBXVariantGroup section */
		1FA656732333E193007A10A8 /* Main.storyboard */ = {
			isa = PBXVariantGroup;
			children = (
				1FA656742333E193007A10A8 /* Base */,
			);
			name = Main.storyboard;
			sourceTree = "<group>";
		};
		1FA656782333E194007A10A8 /* LaunchScreen.storyboard */ = {
			isa = PBXVariantGroup;
			children = (
				1FA656792333E194007A10A8 /* Base */,
			);
			name = LaunchScreen.storyboard;
			sourceTree = "<group>";
		};
/* End PBXVariantGroup section */

/* Begin XCBuildConfiguration section */
		1FA6567C2333E194007A10A8 /* Debug */ = {
			isa = XCBuildConfiguration;
			buildSettings = {
				ALWAYS_SEARCH_USER_PATHS = NO;
				CLANG_ANALYZER_NONNULL = YES;
				CLANG_ANALYZER_NUMBER_OBJECT_CONVERSION = YES_AGGRESSIVE;
				CLANG_CXX_LANGUAGE_STANDARD = "gnu++14";
				CLANG_CXX_LIBRARY = "libc++";
				CLANG_ENABLE_MODULES = YES;
				CLANG_ENABLE_OBJC_ARC = YES;
				CLANG_ENABLE_OBJC_WEAK = YES;
				CLANG_WARN_BLOCK_CAPTURE_AUTORELEASING = YES;
				CLANG_WARN_BOOL_CONVERSION = YES;
				CLANG_WARN_COMMA = YES;
				CLANG_WARN_CONSTANT_CONVERSION = YES;
				CLANG_WARN_DEPRECATED_OBJC_IMPLEMENTATIONS = YES;
				CLANG_WARN_DIRECT_OBJC_ISA_USAGE = YES_ERROR;
				CLANG_WARN_DOCUMENTATION_COMMENTS = YES;
				CLANG_WARN_EMPTY_BODY = YES;
				CLANG_WARN_ENUM_CONVERSION = YES;
				CLANG_WARN_INFINITE_RECURSION = YES;
				CLANG_WARN_INT_CONVERSION = YES;
				CLANG_WARN_NON_LITERAL_NULL_CONVERSION = YES;
				CLANG_WARN_OBJC_IMPLICIT_RETAIN_SELF = YES;
				CLANG_WARN_OBJC_LITERAL_CONVERSION = YES;
				CLANG_WARN_OBJC_ROOT_CLASS = YES_ERROR;
				CLANG_WARN_RANGE_LOOP_ANALYSIS = YES;
				CLANG_WARN_STRICT_PROTOTYPES = YES;
				CLANG_WARN_SUSPICIOUS_MOVE = YES;
				CLANG_WARN_UNGUARDED_AVAILABILITY = YES_AGGRESSIVE;
				CLANG_WARN_UNREACHABLE_CODE = YES;
				CLANG_WARN__DUPLICATE_METHOD_MATCH = YES;
				CODE_SIGN_IDENTITY = "iPhone Developer";
				COPY_PHASE_STRIP = NO;
				DEBUG_INFORMATION_FORMAT = dwarf;
				ENABLE_STRICT_OBJC_MSGSEND = YES;
				ENABLE_TESTABILITY = YES;
				GCC_C_LANGUAGE_STANDARD = gnu11;
				GCC_DYNAMIC_NO_PIC = NO;
				GCC_NO_COMMON_BLOCKS = YES;
				GCC_OPTIMIZATION_LEVEL = 0;
				GCC_PREPROCESSOR_DEFINITIONS = (
					"DEBUG=1",
					"$(inherited)",
				);
				GCC_WARN_64_TO_32_BIT_CONVERSION = YES;
				GCC_WARN_ABOUT_RETURN_TYPE = YES_ERROR;
				GCC_WARN_UNDECLARED_SELECTOR = YES;
				GCC_WARN_UNINITIALIZED_AUTOS = YES_AGGRESSIVE;
				GCC_WARN_UNUSED_FUNCTION = YES;
				GCC_WARN_UNUSED_VARIABLE = YES;
				IPHONEOS_DEPLOYMENT_TARGET = 12.4;
				MTL_ENABLE_DEBUG_INFO = INCLUDE_SOURCE;
				MTL_FAST_MATH = YES;
				ONLY_ACTIVE_ARCH = YES;
				SDKROOT = iphoneos;
				SWIFT_ACTIVE_COMPILATION_CONDITIONS = DEBUG;
				SWIFT_OPTIMIZATION_LEVEL = "-Onone";
			};
			name = Debug;
		};
		1FA6567D2333E194007A10A8 /* Release */ = {
			isa = XCBuildConfiguration;
			buildSettings = {
				ALWAYS_SEARCH_USER_PATHS = NO;
				CLANG_ANALYZER_NONNULL = YES;
				CLANG_ANALYZER_NUMBER_OBJECT_CONVERSION = YES_AGGRESSIVE;
				CLANG_CXX_LANGUAGE_STANDARD = "gnu++14";
				CLANG_CXX_LIBRARY = "libc++";
				CLANG_ENABLE_MODULES = YES;
				CLANG_ENABLE_OBJC_ARC = YES;
				CLANG_ENABLE_OBJC_WEAK = YES;
				CLANG_WARN_BLOCK_CAPTURE_AUTORELEASING = YES;
				CLANG_WARN_BOOL_CONVERSION = YES;
				CLANG_WARN_COMMA = YES;
				CLANG_WARN_CONSTANT_CONVERSION = YES;
				CLANG_WARN_DEPRECATED_OBJC_IMPLEMENTATIONS = YES;
				CLANG_WARN_DIRECT_OBJC_ISA_USAGE = YES_ERROR;
				CLANG_WARN_DOCUMENTATION_COMMENTS = YES;
				CLANG_WARN_EMPTY_BODY = YES;
				CLANG_WARN_ENUM_CONVERSION = YES;
				CLANG_WARN_INFINITE_RECURSION = YES;
				CLANG_WARN_INT_CONVERSION = YES;
				CLANG_WARN_NON_LITERAL_NULL_CONVERSION = YES;
				CLANG_WARN_OBJC_IMPLICIT_RETAIN_SELF = YES;
				CLANG_WARN_OBJC_LITERAL_CONVERSION = YES;
				CLANG_WARN_OBJC_ROOT_CLASS = YES_ERROR;
				CLANG_WARN_RANGE_LOOP_ANALYSIS = YES;
				CLANG_WARN_STRICT_PROTOTYPES = YES;
				CLANG_WARN_SUSPICIOUS_MOVE = YES;
				CLANG_WARN_UNGUARDED_AVAILABILITY = YES_AGGRESSIVE;
				CLANG_WARN_UNREACHABLE_CODE = YES;
				CLANG_WARN__DUPLICATE_METHOD_MATCH = YES;
				CODE_SIGN_IDENTITY = "iPhone Developer";
				COPY_PHASE_STRIP = NO;
				DEBUG_INFORMATION_FORMAT = "dwarf-with-dsym";
				ENABLE_NS_ASSERTIONS = NO;
				ENABLE_STRICT_OBJC_MSGSEND = YES;
				GCC_C_LANGUAGE_STANDARD = gnu11;
				GCC_NO_COMMON_BLOCKS = YES;
				GCC_WARN_64_TO_32_BIT_CONVERSION = YES;
				GCC_WARN_ABOUT_RETURN_TYPE = YES_ERROR;
				GCC_WARN_UNDECLARED_SELECTOR = YES;
				GCC_WARN_UNINITIALIZED_AUTOS = YES_AGGRESSIVE;
				GCC_WARN_UNUSED_FUNCTION = YES;
				GCC_WARN_UNUSED_VARIABLE = YES;
				IPHONEOS_DEPLOYMENT_TARGET = 12.4;
				MTL_ENABLE_DEBUG_INFO = NO;
				MTL_FAST_MATH = YES;
				SDKROOT = iphoneos;
				SWIFT_COMPILATION_MODE = wholemodule;
				SWIFT_OPTIMIZATION_LEVEL = "-O";
				VALIDATE_PRODUCT = YES;
			};
			name = Release;
		};
		1FA6567F2333E194007A10A8 /* Debug */ = {
			isa = XCBuildConfiguration;
			buildSettings = {
				ASSETCATALOG_COMPILER_APPICON_NAME = AppIcon;
				CODE_SIGN_STYLE = Automatic;
				INFOPLIST_FILE = calculatorApp/Info.plist;
				LD_RUNPATH_SEARCH_PATHS = (
					"$(inherited)",
					"@executable_path/Frameworks",
				);
				PRODUCT_BUNDLE_IDENTIFIER = sdu.calculatorApp;
				PRODUCT_NAME = "$(TARGET_NAME)";
				SWIFT_VERSION = 5.0;
				TARGETED_DEVICE_FAMILY = "1,2";
			};
			name = Debug;
		};
		1FA656802333E194007A10A8 /* Release */ = {
			isa = XCBuildConfiguration;
			buildSettings = {
				ASSETCATALOG_COMPILER_APPICON_NAME = AppIcon;
				CODE_SIGN_STYLE = Automatic;
				INFOPLIST_FILE = calculatorApp/Info.plist;
				LD_RUNPATH_SEARCH_PATHS = (
					"$(inherited)",
					"@executable_path/Frameworks",
				);
				PRODUCT_BUNDLE_IDENTIFIER = sdu.calculatorApp;
				PRODUCT_NAME = "$(TARGET_NAME)";
				SWIFT_VERSION = 5.0;
				TARGETED_DEVICE_FAMILY = "1,2";
			};
			name = Release;
		};
/* End XCBuildConfiguration section */

/* Begin XCConfigurationList section */
		1FA656672333E193007A10A8 /* Build configuration list for PBXProject "calculatorApp" */ = {
			isa = XCConfigurationList;
			buildConfigurations = (
				1FA6567C2333E194007A10A8 /* Debug */,
				1FA6567D2333E194007A10A8 /* Release */,
			);
			defaultConfigurationIsVisible = 0;
			defaultConfigurationName = Release;
		};
		1FA6567E2333E194007A10A8 /* Build configuration list for PBXNativeTarget "calculatorApp" */ = {
			isa = XCConfigurationList;
			buildConfigurations = (
				1FA6567F2333E194007A10A8 /* Debug */,
				1FA656802333E194007A10A8 /* Release */,
			);
			defaultConfigurationIsVisible = 0;
			defaultConfigurationName = Release;
		};
/* End XCConfigurationList section */
	};
	rootObject = 1FA656642333E193007A10A8 /* Project object */;
}
