// !$*UTF8*$!
{
	archiveVersion = 1;
	classes = {
	};
	objectVersion = 50;
	objects = {

/* Begin PBXBuildFile section */
		1F0584E323399F8D00E074E3 /* Assets.xcassets in Resources */ = {isa = PBXBuildFile; fileRef = 1F0584E223399F8D00E074E3 /* Assets.xcassets */; };
		1F5C09DC2338EACA0035E999 /* AppDelegate.swift in Sources */ = {isa = PBXBuildFile; fileRef = 1F5C09DB2338EACA0035E999 /* AppDelegate.swift */; };
		1F5C09DE2338EACA0035E999 /* ViewController.swift in Sources */ = {isa = PBXBuildFile; fileRef = 1F5C09DD2338EACA0035E999 /* ViewController.swift */; };
		1F5C09E12338EACA0035E999 /* Main.storyboard in Resources */ = {isa = PBXBuildFile; fileRef = 1F5C09DF2338EACA0035E999 /* Main.storyboard */; };
		1F5C09E62338EACB0035E999 /* LaunchScreen.storyboard in Resources */ = {isa = PBXBuildFile; fileRef = 1F5C09E42338EACB0035E999 /* LaunchScreen.storyboard */; };
		1F5C09EE2338FA700035E999 /* contact.swift in Sources */ = {isa = PBXBuildFile; fileRef = 1F5C09ED2338FA700035E999 /* contact.swift */; };
		1F80B57C2339A6EC00DB7528 /* CustomCell.swift in Sources */ = {isa = PBXBuildFile; fileRef = 1F80B57B2339A6EC00DB7528 /* CustomCell.swift */; };
		1F80B5802339DAD600DB7528 /* DetailViewController.swift in Sources */ = {isa = PBXBuildFile; fileRef = 1F80B57F2339DAD600DB7528 /* DetailViewController.swift */; };
/* End PBXBuildFile section */

/* Begin PBXFileReference section */
		1F0584E223399F8D00E074E3 /* Assets.xcassets */ = {isa = PBXFileReference; lastKnownFileType = folder.assetcatalog; path = Assets.xcassets; sourceTree = "<group>"; };
		1F5C09D82338EACA0035E999 /* contactBook.app */ = {isa = PBXFileReference; explicitFileType = wrapper.application; includeInIndex = 0; path = contactBook.app; sourceTree = BUILT_PRODUCTS_DIR; };
		1F5C09DB2338EACA0035E999 /* AppDelegate.swift */ = {isa = PBXFileReference; lastKnownFileType = sourcecode.swift; path = AppDelegate.swift; sourceTree = "<group>"; };
		1F5C09DD2338EACA0035E999 /* ViewController.swift */ = {isa = PBXFileReference; lastKnownFileType = sourcecode.swift; path = ViewController.swift; sourceTree = "<group>"; };
		1F5C09E02338EACA0035E999 /* Base */ = {isa = PBXFileReference; lastKnownFileType = file.storyboard; name = Base; path = Base.lproj/Main.storyboard; sourceTree = "<group>"; };
		1F5C09E52338EACB0035E999 /* Base */ = {isa = PBXFileReference; lastKnownFileType = file.storyboard; name = Base; path = Base.lproj/LaunchScreen.storyboard; sourceTree = "<group>"; };
		1F5C09E72338EACB0035E999 /* Info.plist */ = {isa = PBXFileReference; lastKnownFileType = text.plist.xml; path = Info.plist; sourceTree = "<group>"; };
		1F5C09ED2338FA700035E999 /* contact.swift */ = {isa = PBXFileReference; lastKnownFileType = sourcecode.swift; path = contact.swift; sourceTree = "<group>"; };
		1F80B57B2339A6EC00DB7528 /* CustomCell.swift */ = {isa = PBXFileReference; lastKnownFileType = sourcecode.swift; path = CustomCell.swift; sourceTree = "<group>"; };
		1F80B57F2339DAD600DB7528 /* DetailViewController.swift */ = {isa = PBXFileReference; lastKnownFileType = sourcecode.swift; path = DetailViewController.swift; sourceTree = "<group>"; };
/* End PBXFileReference section */

/* Begin PBXFrameworksBuildPhase section */
		1F5C09D52338EACA0035E999 /* Frameworks */ = {
			isa = PBXFrameworksBuildPhase;
			buildActionMask = 2147483647;
			files = (
			);
			runOnlyForDeploymentPostprocessing = 0;
		};
/* End PBXFrameworksBuildPhase section */

/* Begin PBXGroup section */
		1F5C09CF2338EACA0035E999 = {
			isa = PBXGroup;
			children = (
				1F5C09DA2338EACA0035E999 /* contactBook */,
				1F5C09D92338EACA0035E999 /* Products */,
			);
			sourceTree = "<group>";
		};
		1F5C09D92338EACA0035E999 /* Products */ = {
			isa = PBXGroup;
			children = (
				1F5C09D82338EACA0035E999 /* contactBook.app */,
			);
			name = Products;
			sourceTree = "<group>";
		};
		1F5C09DA2338EACA0035E999 /* contactBook */ = {
			isa = PBXGroup;
			children = (
				1F5C09DB2338EACA0035E999 /* AppDelegate.swift */,
				1F80B57F2339DAD600DB7528 /* DetailViewController.swift */,
				1F5C09DD2338EACA0035E999 /* ViewController.swift */,
				1F5C09ED2338FA700035E999 /* contact.swift */,
				1F80B57B2339A6EC00DB7528 /* CustomCell.swift */,
				1F0584E223399F8D00E074E3 /* Assets.xcassets */,
				1F5C09DF2338EACA0035E999 /* Main.storyboard */,
				1F5C09E42338EACB0035E999 /* LaunchScreen.storyboard */,
				1F5C09E72338EACB0035E999 /* Info.plist */,
			);
			path = contactBook;
			sourceTree = "<group>";
		};
/* End PBXGroup section */

/* Begin PBXNativeTarget section */
		1F5C09D72338EACA0035E999 /* contactBook */ = {
			isa = PBXNativeTarget;
			buildConfigurationList = 1F5C09EA2338EACB0035E999 /* Build configuration list for PBXNativeTarget "contactBook" */;
			buildPhases = (
				1F5C09D42338EACA0035E999 /* Sources */,
				1F5C09D52338EACA0035E999 /* Frameworks */,
				1F5C09D62338EACA0035E999 /* Resources */,
			);
			buildRules = (
			);
			dependencies = (
			);
			name = contactBook;
			productName = contactBook;
			productReference = 1F5C09D82338EACA0035E999 /* contactBook.app */;
			productType = "com.apple.product-type.application";
		};
/* End PBXNativeTarget section */

/* Begin PBXProject section */
		1F5C09D02338EACA0035E999 /* Project object */ = {
			isa = PBXProject;
			attributes = {
				LastSwiftUpdateCheck = 1030;
				LastUpgradeCheck = 1030;
				ORGANIZATIONNAME = Nurbek;
				TargetAttributes = {
					1F5C09D72338EACA0035E999 = {
						CreatedOnToolsVersion = 10.3;
					};
				};
			};
			buildConfigurationList = 1F5C09D32338EACA0035E999 /* Build configuration list for PBXProject "contactBook" */;
			compatibilityVersion = "Xcode 9.3";
			developmentRegion = en;
			hasScannedForEncodings = 0;
			knownRegions = (
				en,
				Base,
			);
			mainGroup = 1F5C09CF2338EACA0035E999;
			productRefGroup = 1F5C09D92338EACA0035E999 /* Products */;
			projectDirPath = "";
			projectRoot = "";
			targets = (
				1F5C09D72338EACA0035E999 /* contactBook */,
			);
		};
/* End PBXProject section */

/* Begin PBXResourcesBuildPhase section */
		1F5C09D62338EACA0035E999 /* Resources */ = {
			isa = PBXResourcesBuildPhase;
			buildActionMask = 2147483647;
			files = (
				1F5C09E62338EACB0035E999 /* LaunchScreen.storyboard in Resources */,
				1F0584E323399F8D00E074E3 /* Assets.xcassets in Resources */,
				1F5C09E12338EACA0035E999 /* Main.storyboard in Resources */,
			);
			runOnlyForDeploymentPostprocessing = 0;
		};
/* End PBXResourcesBuildPhase section */

/* Begin PBXSourcesBuildPhase section */
		1F5C09D42338EACA0035E999 /* Sources */ = {
			isa = PBXSourcesBuildPhase;
			buildActionMask = 2147483647;
			files = (
				1F5C09DE2338EACA0035E999 /* ViewController.swift in Sources */,
				1F5C09EE2338FA700035E999 /* contact.swift in Sources */,
				1F80B5802339DAD600DB7528 /* DetailViewController.swift in Sources */,
				1F80B57C2339A6EC00DB7528 /* CustomCell.swift in Sources */,
				1F5C09DC2338EACA0035E999 /* AppDelegate.swift in Sources */,
			);
			runOnlyForDeploymentPostprocessing = 0;
		};
/* End PBXSourcesBuildPhase section */

/* Begin PBXVariantGroup section */
		1F5C09DF2338EACA0035E999 /* Main.storyboard */ = {
			isa = PBXVariantGroup;
			children = (
				1F5C09E02338EACA0035E999 /* Base */,
			);
			name = Main.storyboard;
			sourceTree = "<group>";
		};
		1F5C09E42338EACB0035E999 /* LaunchScreen.storyboard */ = {
			isa = PBXVariantGroup;
			children = (
				1F5C09E52338EACB0035E999 /* Base */,
			);
			name = LaunchScreen.storyboard;
			sourceTree = "<group>";
		};
/* End PBXVariantGroup section */

/* Begin XCBuildConfiguration section */
		1F5C09E82338EACB0035E999 /* Debug */ = {
			isa = XCBuildConfiguration;
			buildSettings = {
				ALWAYS_SEARCH_USER_PATHS = NO;
				CLANG_ANALYZER_NONNULL = YES;
				CLANG_ANALYZER_NUMBER_OBJECT_CONVERSION = YES_AGGRESSIVE;
				CLANG_CXX_LANGUAGE_STANDARD = "gnu++14";
				CLANG_CXX_LIBRARY = "libc++";
				CLANG_ENABLE_MODULES = YES;
				CLANG_ENABLE_OBJC_ARC = YES;
				CLANG_ENABLE_OBJC_WEAK = YES;
				CLANG_WARN_BLOCK_CAPTURE_AUTORELEASING = YES;
				CLANG_WARN_BOOL_CONVERSION = YES;
				CLANG_WARN_COMMA = YES;
				CLANG_WARN_CONSTANT_CONVERSION = YES;
				CLANG_WARN_DEPRECATED_OBJC_IMPLEMENTATIONS = YES;
				CLANG_WARN_DIRECT_OBJC_ISA_USAGE = YES_ERROR;
				CLANG_WARN_DOCUMENTATION_COMMENTS = YES;
				CLANG_WARN_EMPTY_BODY = YES;
				CLANG_WARN_ENUM_CONVERSION = YES;
				CLANG_WARN_INFINITE_RECURSION = YES;
				CLANG_WARN_INT_CONVERSION = YES;
				CLANG_WARN_NON_LITERAL_NULL_CONVERSION = YES;
				CLANG_WARN_OBJC_IMPLICIT_RETAIN_SELF = YES;
				CLANG_WARN_OBJC_LITERAL_CONVERSION = YES;
				CLANG_WARN_OBJC_ROOT_CLASS = YES_ERROR;
				CLANG_WARN_RANGE_LOOP_ANALYSIS = YES;
				CLANG_WARN_STRICT_PROTOTYPES = YES;
				CLANG_WARN_SUSPICIOUS_MOVE = YES;
				CLANG_WARN_UNGUARDED_AVAILABILITY = YES_AGGRESSIVE;
				CLANG_WARN_UNREACHABLE_CODE = YES;
				CLANG_WARN__DUPLICATE_METHOD_MATCH = YES;
				CODE_SIGN_IDENTITY = "iPhone Developer";
				COPY_PHASE_STRIP = NO;
				DEBUG_INFORMATION_FORMAT = dwarf;
				ENABLE_STRICT_OBJC_MSGSEND = YES;
				ENABLE_TESTABILITY = YES;
				GCC_C_LANGUAGE_STANDARD = gnu11;
				GCC_DYNAMIC_NO_PIC = NO;
				GCC_NO_COMMON_BLOCKS = YES;
				GCC_OPTIMIZATION_LEVEL = 0;
				GCC_PREPROCESSOR_DEFINITIONS = (
					"DEBUG=1",
					"$(inherited)",
				);
				GCC_WARN_64_TO_32_BIT_CONVERSION = YES;
				GCC_WARN_ABOUT_RETURN_TYPE = YES_ERROR;
				GCC_WARN_UNDECLARED_SELECTOR = YES;
				GCC_WARN_UNINITIALIZED_AUTOS = YES_AGGRESSIVE;
				GCC_WARN_UNUSED_FUNCTION = YES;
				GCC_WARN_UNUSED_VARIABLE = YES;
				IPHONEOS_DEPLOYMENT_TARGET = 12.4;
				MTL_ENABLE_DEBUG_INFO = INCLUDE_SOURCE;
				MTL_FAST_MATH = YES;
				ONLY_ACTIVE_ARCH = YES;
				SDKROOT = iphoneos;
				SWIFT_ACTIVE_COMPILATION_CONDITIONS = DEBUG;
				SWIFT_OPTIMIZATION_LEVEL = "-Onone";
			};
			name = Debug;
		};
		1F5C09E92338EACB0035E999 /* Release */ = {
			isa = XCBuildConfiguration;
			buildSettings = {
				ALWAYS_SEARCH_USER_PATHS = NO;
				CLANG_ANALYZER_NONNULL = YES;
				CLANG_ANALYZER_NUMBER_OBJECT_CONVERSION = YES_AGGRESSIVE;
				CLANG_CXX_LANGUAGE_STANDARD = "gnu++14";
				CLANG_CXX_LIBRARY = "libc++";
				CLANG_ENABLE_MODULES = YES;
				CLANG_ENABLE_OBJC_ARC = YES;
				CLANG_ENABLE_OBJC_WEAK = YES;
				CLANG_WARN_BLOCK_CAPTURE_AUTORELEASING = YES;
				CLANG_WARN_BOOL_CONVERSION = YES;
				CLANG_WARN_COMMA = YES;
				CLANG_WARN_CONSTANT_CONVERSION = YES;
				CLANG_WARN_DEPRECATED_OBJC_IMPLEMENTATIONS = YES;
				CLANG_WARN_DIRECT_OBJC_ISA_USAGE = YES_ERROR;
				CLANG_WARN_DOCUMENTATION_COMMENTS = YES;
				CLANG_WARN_EMPTY_BODY = YES;
				CLANG_WARN_ENUM_CONVERSION = YES;
				CLANG_WARN_INFINITE_RECURSION = YES;
				CLANG_WARN_INT_CONVERSION = YES;
				CLANG_WARN_NON_LITERAL_NULL_CONVERSION = YES;
				CLANG_WARN_OBJC_IMPLICIT_RETAIN_SELF = YES;
				CLANG_WARN_OBJC_LITERAL_CONVERSION = YES;
				CLANG_WARN_OBJC_ROOT_CLASS = YES_ERROR;
				CLANG_WARN_RANGE_LOOP_ANALYSIS = YES;
				CLANG_WARN_STRICT_PROTOTYPES = YES;
				CLANG_WARN_SUSPICIOUS_MOVE = YES;
				CLANG_WARN_UNGUARDED_AVAILABILITY = YES_AGGRESSIVE;
				CLANG_WARN_UNREACHABLE_CODE = YES;
				CLANG_WARN__DUPLICATE_METHOD_MATCH = YES;
				CODE_SIGN_IDENTITY = "iPhone Developer";
				COPY_PHASE_STRIP = NO;
				DEBUG_INFORMATION_FORMAT = "dwarf-with-dsym";
				ENABLE_NS_ASSERTIONS = NO;
				ENABLE_STRICT_OBJC_MSGSEND = YES;
				GCC_C_LANGUAGE_STANDARD = gnu11;
				GCC_NO_COMMON_BLOCKS = YES;
				GCC_WARN_64_TO_32_BIT_CONVERSION = YES;
				GCC_WARN_ABOUT_RETURN_TYPE = YES_ERROR;
				GCC_WARN_UNDECLARED_SELECTOR = YES;
				GCC_WARN_UNINITIALIZED_AUTOS = YES_AGGRESSIVE;
				GCC_WARN_UNUSED_FUNCTION = YES;
				GCC_WARN_UNUSED_VARIABLE = YES;
				IPHONEOS_DEPLOYMENT_TARGET = 12.4;
				MTL_ENABLE_DEBUG_INFO = NO;
				MTL_FAST_MATH = YES;
				SDKROOT = iphoneos;
				SWIFT_COMPILATION_MODE = wholemodule;
				SWIFT_OPTIMIZATION_LEVEL = "-O";
				VALIDATE_PRODUCT = YES;
			};
			name = Release;
		};
		1F5C09EB2338EACB0035E999 /* Debug */ = {
			isa = XCBuildConfiguration;
			buildSettings = {
				ASSETCATALOG_COMPILER_APPICON_NAME = AppIcon;
				CODE_SIGN_STYLE = Automatic;
				INFOPLIST_FILE = contactBook/Info.plist;
				LD_RUNPATH_SEARCH_PATHS = (
					"$(inherited)",
					"@executable_path/Frameworks",
				);
				PRODUCT_BUNDLE_IDENTIFIER = sdu.contactBook;
				PRODUCT_NAME = "$(TARGET_NAME)";
				SWIFT_VERSION = 5.0;
				TARGETED_DEVICE_FAMILY = "1,2";
			};
			name = Debug;
		};
		1F5C09EC2338EACB0035E999 /* Release */ = {
			isa = XCBuildConfiguration;
			buildSettings = {
				ASSETCATALOG_COMPILER_APPICON_NAME = AppIcon;
				CODE_SIGN_STYLE = Automatic;
				INFOPLIST_FILE = contactBook/Info.plist;
				LD_RUNPATH_SEARCH_PATHS = (
					"$(inherited)",
					"@executable_path/Frameworks",
				);
				PRODUCT_BUNDLE_IDENTIFIER = sdu.contactBook;
				PRODUCT_NAME = "$(TARGET_NAME)";
				SWIFT_VERSION = 5.0;
				TARGETED_DEVICE_FAMILY = "1,2";
			};
			name = Release;
		};
/* End XCBuildConfiguration section */

/* Begin XCConfigurationList section */
		1F5C09D32338EACA0035E999 /* Build configuration list for PBXProject "contactBook" */ = {
			isa = XCConfigurationList;
			buildConfigurations = (
				1F5C09E82338EACB0035E999 /* Debug */,
				1F5C09E92338EACB0035E999 /* Release */,
			);
			defaultConfigurationIsVisible = 0;
			defaultConfigurationName = Release;
		};
		1F5C09EA2338EACB0035E999 /* Build configuration list for PBXNativeTarget "contactBook" */ = {
			isa = XCConfigurationList;
			buildConfigurations = (
				1F5C09EB2338EACB0035E999 /* Debug */,
				1F5C09EC2338EACB0035E999 /* Release */,
			);
			defaultConfigurationIsVisible = 0;
			defaultConfigurationName = Release;
		};
/* End XCConfigurationList section */
	};
	rootObject = 1F5C09D02338EACA0035E999 /* Project object */;
}
